
Microsoft Visual Studio Solution File, Format Version 11.00
# Visual Studio 2010
# SharpDevelop 4.4
Project("{FAE04EC0-301F-11D3-BF4B-00C04F79EFBC}") = "StangradCRMLibs", "StangradCRMLibs\StangradCRMLibs.csproj", "{1C8BA9D1-B630-47AD-9432-E7A4CCA2010F}"
EndProject
Global
	GlobalSection(SolutionConfigurationPlatforms) = preSolution
		Debug|Any CPU = Debug|Any CPU
		Release|Any CPU = Release|Any CPU
	EndGlobalSection
	GlobalSection(ProjectConfigurationPlatforms) = postSolution
		{1C8BA9D1-B630-47AD-9432-E7A4CCA2010F}.Debug|Any CPU.Build.0 = Debug|Any CPU
		{1C8BA9D1-B630-47AD-9432-E7A4CCA2010F}.Debug|Any CPU.ActiveCfg = Debug|Any CPU
		{1C8BA9D1-B630-47AD-9432-E7A4CCA2010F}.Release|Any CPU.Build.0 = Release|Any CPU
		{1C8BA9D1-B630-47AD-9432-E7A4CCA2010F}.Release|Any CPU.ActiveCfg = Release|Any CPU
	EndGlobalSection
EndGlobal
